<?xml version="1.0" encoding="utf-8"?>
<Project ToolsVersion="4.0" xmlns="http://schemas.microsoft.com/developer/msbuild/2003">
  <ItemGroup>
    <Filter Include="Source Files">
      <UniqueIdentifier>{F6628231-8E39-4265-A31B-CA93056BDA99}</UniqueIdentifier>
      <Extensions>cpp;c;cxx</Extensions>
    </Filter>
    <Filter Include="Shared Contracts">
      <UniqueIdentifier>{09579E87-D5D8-42AB-B43A-7860F0EA63B9}</UniqueIdentifier>
      <Extensions>h;hpp</Extensions>
    </Filter>
  </ItemGroup>
  <ItemGroup>
    <ClCompile Include="KrnlDriver.cpp">
      <Filter>Source Files</Filter>
    </ClCompile>
  </ItemGroup>
  <ItemGroup>
    <ClInclude Include="..\shared\krnl_contracts.h">
      <Filter>Shared Contracts</Filter>
    </ClInclude>
  </ItemGroup>
</Project>
